
Microsoft Visual Studio Solution File, Format Version 12.00
# Visual Studio Version 16
VisualStudioVersion = 16.0.34301.259
MinimumVisualStudioVersion = 10.0.40219.1
Project("{8BC9CEB8-8B4A-11D0-8D11-00A0C91BC942}") = "TLSServer", "TLSServer\TLSServer.vcxproj", "{420035A7-1ABA-4E3A-A92F-CFECAFF8C490}"
EndProject
Project("{8BC9CEB8-8B4A-11D0-8D11-00A0C91BC942}") = "TLSClient", "TLSClient\TLSClient.vcxproj", "{3A6F1520-B579-4C38-AD1C-FEECCB3C0AD3}"
EndProject
Project("{2150E333-8FDC-42A3-9474-1A3956D46DE8}") = "TLSDemo", "TLSDemo", "{096317C3-E1BC-4B16-BAFA-7E4C5B7A5A39}"
EndProject
Project("{8BC9CEB8-8B4A-11D0-8D11-00A0C91BC942}") = "ALPCServer", "ALPCServer\ALPCServer.vcxproj", "{631491C0-1334-4F85-9FB4-043565CAA408}"
EndProject
Project("{8BC9CEB8-8B4A-11D0-8D11-00A0C91BC942}") = "ALPCClient", "ALPCClient\ALPCClient.vcxproj", "{56A03E56-8218-4998-B462-D5F548C687B6}"
EndProject
Project("{2150E333-8FDC-42A3-9474-1A3956D46DE8}") = "ALPC", "ALPC", "{47B76CBF-3AB3-46E5-8DF2-80306EFCD9E0}"
EndProject
Project("{2150E333-8FDC-42A3-9474-1A3956D46DE8}") = "CJSON", "CJSON", "{9A376E1F-32C9-4CCB-8187-D49F0DF2A2F1}"
EndProject
Project("{8BC9CEB8-8B4A-11D0-8D11-00A0C91BC942}") = "CJsonSample", "CJsonSample\CJsonSample.vcxproj", "{D23355DA-619E-44D4-9447-E0FBD104B859}"
EndProject
Project("{2150E333-8FDC-42A3-9474-1A3956D46DE8}") = "ProcGenerator", "ProcGenerator", "{F288647E-C1E1-4D27-AD9D-749EFF0C4C15}"
EndProject
Project("{8BC9CEB8-8B4A-11D0-8D11-00A0C91BC942}") = "VirGenerator", "VirGenerator\VirGenerator.vcxproj", "{E1F9BC05-450F-420E-846D-06BE9DDED508}"
EndProject
Project("{8BC9CEB8-8B4A-11D0-8D11-00A0C91BC942}") = "DriverJson", "DriverJson\DriverJson.vcxproj", "{FAB9E9F5-9431-4DE1-B7DC-9BE303402926}"
EndProject
Project("{2150E333-8FDC-42A3-9474-1A3956D46DE8}") = "protocol_study", "protocol_study", "{7C88A281-EEED-4F82-8109-5102917CC6C0}"
EndProject
Project("{8BC9CEB8-8B4A-11D0-8D11-00A0C91BC942}") = "NetBIOS", "NetBIOS\NetBIOS.vcxproj", "{47BA523A-3DE7-4AF8-B64B-DE57865C603E}"
EndProject
Project("{8BC9CEB8-8B4A-11D0-8D11-00A0C91BC942}") = "PhDll", "PhDll\PhDll.vcxproj", "{62DDD310-7124-46E5-B76D-0574534AFD0E}"
EndProject
Project("{8BC9CEB8-8B4A-11D0-8D11-00A0C91BC942}") = "PHDemo", "PHDemo\PHDemo.vcxproj", "{AAB30115-E0D0-4551-B1A7-C212C1983C6E}"
EndProject
Project("{8BC9CEB8-8B4A-11D0-8D11-00A0C91BC942}") = "TestMemAlloc", "TestMemAlloc\TestMemAlloc.vcxproj", "{31AA8100-7368-42B4-BEEF-50FBD585CF13}"
EndProject
Project("{8BC9CEB8-8B4A-11D0-8D11-00A0C91BC942}") = "PEAddReloc", "PEAddReloc\PEAddReloc.vcxproj", "{FA384641-C1F5-48C1-8A1A-BC44C8011C4D}"
EndProject
Project("{8BC9CEB8-8B4A-11D0-8D11-00A0C91BC942}") = "RepairReloc", "RepairReloc\RepairReloc.vcxproj", "{3C451CDB-F03F-4BEC-AB4B-6B66C77313E3}"
EndProject
Project("{2150E333-8FDC-42A3-9474-1A3956D46DE8}") = "watermark", "watermark", "{A9A936BD-A990-422E-A735-D03CE016683B}"
EndProject
Project("{8BC9CEB8-8B4A-11D0-8D11-00A0C91BC942}") = "WaterMark", "WaterMark\WaterMark.vcxproj", "{34AE8506-AFF9-4322-9189-EE1AE5E074F9}"
EndProject
Project("{2150E333-8FDC-42A3-9474-1A3956D46DE8}") = "ComHook", "ComHook", "{C781F71A-5791-4D13-9A49-83D8D2E43828}"
EndProject
Project("{8BC9CEB8-8B4A-11D0-8D11-00A0C91BC942}") = "ComHookCmd", "ComHookCmd\ComHookCmd.vcxproj", "{064F9DFA-1C2B-4646-A3C1-636FC5DF3DAC}"
EndProject
Project("{2150E333-8FDC-42A3-9474-1A3956D46DE8}") = "WinInfo", "WinInfo", "{A0333E10-4473-43B7-B4DB-52FBE7C11A39}"
EndProject
Project("{8BC9CEB8-8B4A-11D0-8D11-00A0C91BC942}") = "GetProcCmd", "GetProcCmd\GetProcCmd.vcxproj", "{6D521175-A55F-45B9-96CD-034C90D2AEE8}"
EndProject
Project("{2150E333-8FDC-42A3-9474-1A3956D46DE8}") = "NetTrans", "NetTrans", "{32F205C7-AD84-4172-A61D-C778CFCCD9D7}"
EndProject
Project("{8BC9CEB8-8B4A-11D0-8D11-00A0C91BC942}") = "ULONG2IP", "ULONG2IP\ULONG2IP.vcxproj", "{F74A449B-FCBE-476C-A9F5-1907AE67C58C}"
EndProject
Project("{8BC9CEB8-8B4A-11D0-8D11-00A0C91BC942}") = "Utf8Trans", "Utf8Trans\Utf8Trans.vcxproj", "{9D38F274-1557-4C37-A67C-6F3F92E27F9C}"
EndProject
Project("{8BC9CEB8-8B4A-11D0-8D11-00A0C91BC942}") = "LuaDemo", "LuaDemo\LuaDemo.vcxproj", "{8D54F1E3-35AE-404B-823C-BBDD13D0829E}"
EndProject
Global
	GlobalSection(SolutionConfigurationPlatforms) = preSolution
		Debug|x64 = Debug|x64
		Debug|x86 = Debug|x86
		Release_Cmd|x64 = Release_Cmd|x64
		Release_Cmd|x86 = Release_Cmd|x86
		Release|x64 = Release|x64
		Release|x86 = Release|x86
	EndGlobalSection
	GlobalSection(ProjectConfigurationPlatforms) = postSolution
		{420035A7-1ABA-4E3A-A92F-CFECAFF8C490}.Debug|x64.ActiveCfg = Debug|x64
		{420035A7-1ABA-4E3A-A92F-CFECAFF8C490}.Debug|x64.Build.0 = Debug|x64
		{420035A7-1ABA-4E3A-A92F-CFECAFF8C490}.Debug|x86.ActiveCfg = Debug|Win32
		{420035A7-1ABA-4E3A-A92F-CFECAFF8C490}.Debug|x86.Build.0 = Debug|Win32
		{420035A7-1ABA-4E3A-A92F-CFECAFF8C490}.Release_Cmd|x64.ActiveCfg = Release|x64
		{420035A7-1ABA-4E3A-A92F-CFECAFF8C490}.Release_Cmd|x64.Build.0 = Release|x64
		{420035A7-1ABA-4E3A-A92F-CFECAFF8C490}.Release_Cmd|x86.ActiveCfg = Release|Win32
		{420035A7-1ABA-4E3A-A92F-CFECAFF8C490}.Release_Cmd|x86.Build.0 = Release|Win32
		{420035A7-1ABA-4E3A-A92F-CFECAFF8C490}.Release|x64.ActiveCfg = Release|x64
		{420035A7-1ABA-4E3A-A92F-CFECAFF8C490}.Release|x64.Build.0 = Release|x64
		{420035A7-1ABA-4E3A-A92F-CFECAFF8C490}.Release|x86.ActiveCfg = Release|Win32
		{420035A7-1ABA-4E3A-A92F-CFECAFF8C490}.Release|x86.Build.0 = Release|Win32
		{3A6F1520-B579-4C38-AD1C-FEECCB3C0AD3}.Debug|x64.ActiveCfg = Debug|x64
		{3A6F1520-B579-4C38-AD1C-FEECCB3C0AD3}.Debug|x64.Build.0 = Debug|x64
		{3A6F1520-B579-4C38-AD1C-FEECCB3C0AD3}.Debug|x86.ActiveCfg = Debug|Win32
		{3A6F1520-B579-4C38-AD1C-FEECCB3C0AD3}.Debug|x86.Build.0 = Debug|Win32
		{3A6F1520-B579-4C38-AD1C-FEECCB3C0AD3}.Release_Cmd|x64.ActiveCfg = Release|x64
		{3A6F1520-B579-4C38-AD1C-FEECCB3C0AD3}.Release_Cmd|x64.Build.0 = Release|x64
		{3A6F1520-B579-4C38-AD1C-FEECCB3C0AD3}.Release_Cmd|x86.ActiveCfg = Release|Win32
		{3A6F1520-B579-4C38-AD1C-FEECCB3C0AD3}.Release_Cmd|x86.Build.0 = Release|Win32
		{3A6F1520-B579-4C38-AD1C-FEECCB3C0AD3}.Release|x64.ActiveCfg = Release|x64
		{3A6F1520-B579-4C38-AD1C-FEECCB3C0AD3}.Release|x64.Build.0 = Release|x64
		{3A6F1520-B579-4C38-AD1C-FEECCB3C0AD3}.Release|x86.ActiveCfg = Release|Win32
		{3A6F1520-B579-4C38-AD1C-FEECCB3C0AD3}.Release|x86.Build.0 = Release|Win32
		{631491C0-1334-4F85-9FB4-043565CAA408}.Debug|x64.ActiveCfg = Debug|x64
		{631491C0-1334-4F85-9FB4-043565CAA408}.Debug|x64.Build.0 = Debug|x64
		{631491C0-1334-4F85-9FB4-043565CAA408}.Debug|x86.ActiveCfg = Debug|Win32
		{631491C0-1334-4F85-9FB4-043565CAA408}.Debug|x86.Build.0 = Debug|Win32
		{631491C0-1334-4F85-9FB4-043565CAA408}.Release_Cmd|x64.ActiveCfg = Release|x64
		{631491C0-1334-4F85-9FB4-043565CAA408}.Release_Cmd|x64.Build.0 = Release|x64
		{631491C0-1334-4F85-9FB4-043565CAA408}.Release_Cmd|x86.ActiveCfg = Release|Win32
		{631491C0-1334-4F85-9FB4-043565CAA408}.Release_Cmd|x86.Build.0 = Release|Win32
		{631491C0-1334-4F85-9FB4-043565CAA408}.Release|x64.ActiveCfg = Release|x64
		{631491C0-1334-4F85-9FB4-043565CAA408}.Release|x64.Build.0 = Release|x64
		{631491C0-1334-4F85-9FB4-043565CAA408}.Release|x86.ActiveCfg = Release|Win32
		{631491C0-1334-4F85-9FB4-043565CAA408}.Release|x86.Build.0 = Release|Win32
		{56A03E56-8218-4998-B462-D5F548C687B6}.Debug|x64.ActiveCfg = Debug|x64
		{56A03E56-8218-4998-B462-D5F548C687B6}.Debug|x64.Build.0 = Debug|x64
		{56A03E56-8218-4998-B462-D5F548C687B6}.Debug|x86.ActiveCfg = Debug|Win32
		{56A03E56-8218-4998-B462-D5F548C687B6}.Debug|x86.Build.0 = Debug|Win32
		{56A03E56-8218-4998-B462-D5F548C687B6}.Release_Cmd|x64.ActiveCfg = Release|x64
		{56A03E56-8218-4998-B462-D5F548C687B6}.Release_Cmd|x64.Build.0 = Release|x64
		{56A03E56-8218-4998-B462-D5F548C687B6}.Release_Cmd|x86.ActiveCfg = Release|Win32
		{56A03E56-8218-4998-B462-D5F548C687B6}.Release_Cmd|x86.Build.0 = Release|Win32
		{56A03E56-8218-4998-B462-D5F548C687B6}.Release|x64.ActiveCfg = Release|x64
		{56A03E56-8218-4998-B462-D5F548C687B6}.Release|x64.Build.0 = Release|x64
		{56A03E56-8218-4998-B462-D5F548C687B6}.Release|x86.ActiveCfg = Release|Win32
		{56A03E56-8218-4998-B462-D5F548C687B6}.Release|x86.Build.0 = Release|Win32
		{D23355DA-619E-44D4-9447-E0FBD104B859}.Debug|x64.ActiveCfg = Debug|x64
		{D23355DA-619E-44D4-9447-E0FBD104B859}.Debug|x64.Build.0 = Debug|x64
		{D23355DA-619E-44D4-9447-E0FBD104B859}.Debug|x86.ActiveCfg = Debug|Win32
		{D23355DA-619E-44D4-9447-E0FBD104B859}.Debug|x86.Build.0 = Debug|Win32
		{D23355DA-619E-44D4-9447-E0FBD104B859}.Release_Cmd|x64.ActiveCfg = Release|x64
		{D23355DA-619E-44D4-9447-E0FBD104B859}.Release_Cmd|x64.Build.0 = Release|x64
		{D23355DA-619E-44D4-9447-E0FBD104B859}.Release_Cmd|x86.ActiveCfg = Release|Win32
		{D23355DA-619E-44D4-9447-E0FBD104B859}.Release_Cmd|x86.Build.0 = Release|Win32
		{D23355DA-619E-44D4-9447-E0FBD104B859}.Release|x64.ActiveCfg = Release|x64
		{D23355DA-619E-44D4-9447-E0FBD104B859}.Release|x64.Build.0 = Release|x64
		{D23355DA-619E-44D4-9447-E0FBD104B859}.Release|x86.ActiveCfg = Release|Win32
		{D23355DA-619E-44D4-9447-E0FBD104B859}.Release|x86.Build.0 = Release|Win32
		{E1F9BC05-450F-420E-846D-06BE9DDED508}.Debug|x64.ActiveCfg = Debug|x64
		{E1F9BC05-450F-420E-846D-06BE9DDED508}.Debug|x64.Build.0 = Debug|x64
		{E1F9BC05-450F-420E-846D-06BE9DDED508}.Debug|x86.ActiveCfg = Debug|Win32
		{E1F9BC05-450F-420E-846D-06BE9DDED508}.Debug|x86.Build.0 = Debug|Win32
		{E1F9BC05-450F-420E-846D-06BE9DDED508}.Release_Cmd|x64.ActiveCfg = Release_Cmd|x64
		{E1F9BC05-450F-420E-846D-06BE9DDED508}.Release_Cmd|x64.Build.0 = Release_Cmd|x64
		{E1F9BC05-450F-420E-846D-06BE9DDED508}.Release_Cmd|x86.ActiveCfg = Release_Cmd|Win32
		{E1F9BC05-450F-420E-846D-06BE9DDED508}.Release_Cmd|x86.Build.0 = Release_Cmd|Win32
		{E1F9BC05-450F-420E-846D-06BE9DDED508}.Release|x64.ActiveCfg = Release|x64
		{E1F9BC05-450F-420E-846D-06BE9DDED508}.Release|x64.Build.0 = Release|x64
		{E1F9BC05-450F-420E-846D-06BE9DDED508}.Release|x86.ActiveCfg = Release|Win32
		{E1F9BC05-450F-420E-846D-06BE9DDED508}.Release|x86.Build.0 = Release|Win32
		{FAB9E9F5-9431-4DE1-B7DC-9BE303402926}.Debug|x64.ActiveCfg = Debug|x64
		{FAB9E9F5-9431-4DE1-B7DC-9BE303402926}.Debug|x64.Build.0 = Debug|x64
		{FAB9E9F5-9431-4DE1-B7DC-9BE303402926}.Debug|x86.ActiveCfg = Debug|Win32
		{FAB9E9F5-9431-4DE1-B7DC-9BE303402926}.Debug|x86.Build.0 = Debug|Win32
		{FAB9E9F5-9431-4DE1-B7DC-9BE303402926}.Release_Cmd|x64.ActiveCfg = Release|x64
		{FAB9E9F5-9431-4DE1-B7DC-9BE303402926}.Release_Cmd|x64.Build.0 = Release|x64
		{FAB9E9F5-9431-4DE1-B7DC-9BE303402926}.Release_Cmd|x86.ActiveCfg = Release|Win32
		{FAB9E9F5-9431-4DE1-B7DC-9BE303402926}.Release_Cmd|x86.Build.0 = Release|Win32
		{FAB9E9F5-9431-4DE1-B7DC-9BE303402926}.Release|x64.ActiveCfg = Release|x64
		{FAB9E9F5-9431-4DE1-B7DC-9BE303402926}.Release|x64.Build.0 = Release|x64
		{FAB9E9F5-9431-4DE1-B7DC-9BE303402926}.Release|x86.ActiveCfg = Release|Win32
		{FAB9E9F5-9431-4DE1-B7DC-9BE303402926}.Release|x86.Build.0 = Release|Win32
		{47BA523A-3DE7-4AF8-B64B-DE57865C603E}.Debug|x64.ActiveCfg = Debug|x64
		{47BA523A-3DE7-4AF8-B64B-DE57865C603E}.Debug|x64.Build.0 = Debug|x64
		{47BA523A-3DE7-4AF8-B64B-DE57865C603E}.Debug|x86.ActiveCfg = Debug|Win32
		{47BA523A-3DE7-4AF8-B64B-DE57865C603E}.Debug|x86.Build.0 = Debug|Win32
		{47BA523A-3DE7-4AF8-B64B-DE57865C603E}.Release_Cmd|x64.ActiveCfg = Release|x64
		{47BA523A-3DE7-4AF8-B64B-DE57865C603E}.Release_Cmd|x64.Build.0 = Release|x64
		{47BA523A-3DE7-4AF8-B64B-DE57865C603E}.Release_Cmd|x86.ActiveCfg = Release|Win32
		{47BA523A-3DE7-4AF8-B64B-DE57865C603E}.Release_Cmd|x86.Build.0 = Release|Win32
		{47BA523A-3DE7-4AF8-B64B-DE57865C603E}.Release|x64.ActiveCfg = Release|x64
		{47BA523A-3DE7-4AF8-B64B-DE57865C603E}.Release|x64.Build.0 = Release|x64
		{47BA523A-3DE7-4AF8-B64B-DE57865C603E}.Release|x86.ActiveCfg = Release|Win32
		{47BA523A-3DE7-4AF8-B64B-DE57865C603E}.Release|x86.Build.0 = Release|Win32
		{62DDD310-7124-46E5-B76D-0574534AFD0E}.Debug|x64.ActiveCfg = Debug|x64
		{62DDD310-7124-46E5-B76D-0574534AFD0E}.Debug|x64.Build.0 = Debug|x64
		{62DDD310-7124-46E5-B76D-0574534AFD0E}.Debug|x86.ActiveCfg = Debug|Win32
		{62DDD310-7124-46E5-B76D-0574534AFD0E}.Debug|x86.Build.0 = Debug|Win32
		{62DDD310-7124-46E5-B76D-0574534AFD0E}.Release_Cmd|x64.ActiveCfg = Release|x64
		{62DDD310-7124-46E5-B76D-0574534AFD0E}.Release_Cmd|x64.Build.0 = Release|x64
		{62DDD310-7124-46E5-B76D-0574534AFD0E}.Release_Cmd|x86.ActiveCfg = Release|Win32
		{62DDD310-7124-46E5-B76D-0574534AFD0E}.Release_Cmd|x86.Build.0 = Release|Win32
		{62DDD310-7124-46E5-B76D-0574534AFD0E}.Release|x64.ActiveCfg = Release|x64
		{62DDD310-7124-46E5-B76D-0574534AFD0E}.Release|x64.Build.0 = Release|x64
		{62DDD310-7124-46E5-B76D-0574534AFD0E}.Release|x86.ActiveCfg = Release|Win32
		{62DDD310-7124-46E5-B76D-0574534AFD0E}.Release|x86.Build.0 = Release|Win32
		{AAB30115-E0D0-4551-B1A7-C212C1983C6E}.Debug|x64.ActiveCfg = Debug|x64
		{AAB30115-E0D0-4551-B1A7-C212C1983C6E}.Debug|x64.Build.0 = Debug|x64
		{AAB30115-E0D0-4551-B1A7-C212C1983C6E}.Debug|x86.ActiveCfg = Debug|Win32
		{AAB30115-E0D0-4551-B1A7-C212C1983C6E}.Debug|x86.Build.0 = Debug|Win32
		{AAB30115-E0D0-4551-B1A7-C212C1983C6E}.Release_Cmd|x64.ActiveCfg = Release|x64
		{AAB30115-E0D0-4551-B1A7-C212C1983C6E}.Release_Cmd|x64.Build.0 = Release|x64
		{AAB30115-E0D0-4551-B1A7-C212C1983C6E}.Release_Cmd|x86.ActiveCfg = Release|Win32
		{AAB30115-E0D0-4551-B1A7-C212C1983C6E}.Release_Cmd|x86.Build.0 = Release|Win32
		{AAB30115-E0D0-4551-B1A7-C212C1983C6E}.Release|x64.ActiveCfg = Release|x64
		{AAB30115-E0D0-4551-B1A7-C212C1983C6E}.Release|x64.Build.0 = Release|x64
		{AAB30115-E0D0-4551-B1A7-C212C1983C6E}.Release|x86.ActiveCfg = Release|Win32
		{AAB30115-E0D0-4551-B1A7-C212C1983C6E}.Release|x86.Build.0 = Release|Win32
		{31AA8100-7368-42B4-BEEF-50FBD585CF13}.Debug|x64.ActiveCfg = Debug|x64
		{31AA8100-7368-42B4-BEEF-50FBD585CF13}.Debug|x64.Build.0 = Debug|x64
		{31AA8100-7368-42B4-BEEF-50FBD585CF13}.Debug|x86.ActiveCfg = Debug|Win32
		{31AA8100-7368-42B4-BEEF-50FBD585CF13}.Debug|x86.Build.0 = Debug|Win32
		{31AA8100-7368-42B4-BEEF-50FBD585CF13}.Release_Cmd|x64.ActiveCfg = Release|x64
		{31AA8100-7368-42B4-BEEF-50FBD585CF13}.Release_Cmd|x64.Build.0 = Release|x64
		{31AA8100-7368-42B4-BEEF-50FBD585CF13}.Release_Cmd|x86.ActiveCfg = Release|Win32
		{31AA8100-7368-42B4-BEEF-50FBD585CF13}.Release_Cmd|x86.Build.0 = Release|Win32
		{31AA8100-7368-42B4-BEEF-50FBD585CF13}.Release|x64.ActiveCfg = Release|x64
		{31AA8100-7368-42B4-BEEF-50FBD585CF13}.Release|x64.Build.0 = Release|x64
		{31AA8100-7368-42B4-BEEF-50FBD585CF13}.Release|x86.ActiveCfg = Release|Win32
		{31AA8100-7368-42B4-BEEF-50FBD585CF13}.Release|x86.Build.0 = Release|Win32
		{FA384641-C1F5-48C1-8A1A-BC44C8011C4D}.Debug|x64.ActiveCfg = Debug|x64
		{FA384641-C1F5-48C1-8A1A-BC44C8011C4D}.Debug|x64.Build.0 = Debug|x64
		{FA384641-C1F5-48C1-8A1A-BC44C8011C4D}.Debug|x86.ActiveCfg = Debug|Win32
		{FA384641-C1F5-48C1-8A1A-BC44C8011C4D}.Debug|x86.Build.0 = Debug|Win32
		{FA384641-C1F5-48C1-8A1A-BC44C8011C4D}.Release_Cmd|x64.ActiveCfg = Release|x64
		{FA384641-C1F5-48C1-8A1A-BC44C8011C4D}.Release_Cmd|x64.Build.0 = Release|x64
		{FA384641-C1F5-48C1-8A1A-BC44C8011C4D}.Release_Cmd|x86.ActiveCfg = Release|Win32
		{FA384641-C1F5-48C1-8A1A-BC44C8011C4D}.Release_Cmd|x86.Build.0 = Release|Win32
		{FA384641-C1F5-48C1-8A1A-BC44C8011C4D}.Release|x64.ActiveCfg = Release|x64
		{FA384641-C1F5-48C1-8A1A-BC44C8011C4D}.Release|x64.Build.0 = Release|x64
		{FA384641-C1F5-48C1-8A1A-BC44C8011C4D}.Release|x86.ActiveCfg = Release|Win32
		{FA384641-C1F5-48C1-8A1A-BC44C8011C4D}.Release|x86.Build.0 = Release|Win32
		{3C451CDB-F03F-4BEC-AB4B-6B66C77313E3}.Debug|x64.ActiveCfg = Debug|x64
		{3C451CDB-F03F-4BEC-AB4B-6B66C77313E3}.Debug|x64.Build.0 = Debug|x64
		{3C451CDB-F03F-4BEC-AB4B-6B66C77313E3}.Debug|x86.ActiveCfg = Debug|Win32
		{3C451CDB-F03F-4BEC-AB4B-6B66C77313E3}.Debug|x86.Build.0 = Debug|Win32
		{3C451CDB-F03F-4BEC-AB4B-6B66C77313E3}.Release_Cmd|x64.ActiveCfg = Release|x64
		{3C451CDB-F03F-4BEC-AB4B-6B66C77313E3}.Release_Cmd|x64.Build.0 = Release|x64
		{3C451CDB-F03F-4BEC-AB4B-6B66C77313E3}.Release_Cmd|x86.ActiveCfg = Release|Win32
		{3C451CDB-F03F-4BEC-AB4B-6B66C77313E3}.Release_Cmd|x86.Build.0 = Release|Win32
		{3C451CDB-F03F-4BEC-AB4B-6B66C77313E3}.Release|x64.ActiveCfg = Release|x64
		{3C451CDB-F03F-4BEC-AB4B-6B66C77313E3}.Release|x64.Build.0 = Release|x64
		{3C451CDB-F03F-4BEC-AB4B-6B66C77313E3}.Release|x86.ActiveCfg = Release|Win32
		{3C451CDB-F03F-4BEC-AB4B-6B66C77313E3}.Release|x86.Build.0 = Release|Win32
		{34AE8506-AFF9-4322-9189-EE1AE5E074F9}.Debug|x64.ActiveCfg = Debug|x64
		{34AE8506-AFF9-4322-9189-EE1AE5E074F9}.Debug|x64.Build.0 = Debug|x64
		{34AE8506-AFF9-4322-9189-EE1AE5E074F9}.Debug|x86.ActiveCfg = Debug|Win32
		{34AE8506-AFF9-4322-9189-EE1AE5E074F9}.Debug|x86.Build.0 = Debug|Win32
		{34AE8506-AFF9-4322-9189-EE1AE5E074F9}.Release_Cmd|x64.ActiveCfg = Release|x64
		{34AE8506-AFF9-4322-9189-EE1AE5E074F9}.Release_Cmd|x64.Build.0 = Release|x64
		{34AE8506-AFF9-4322-9189-EE1AE5E074F9}.Release_Cmd|x86.ActiveCfg = Release|Win32
		{34AE8506-AFF9-4322-9189-EE1AE5E074F9}.Release_Cmd|x86.Build.0 = Release|Win32
		{34AE8506-AFF9-4322-9189-EE1AE5E074F9}.Release|x64.ActiveCfg = Release|x64
		{34AE8506-AFF9-4322-9189-EE1AE5E074F9}.Release|x64.Build.0 = Release|x64
		{34AE8506-AFF9-4322-9189-EE1AE5E074F9}.Release|x86.ActiveCfg = Release|Win32
		{34AE8506-AFF9-4322-9189-EE1AE5E074F9}.Release|x86.Build.0 = Release|Win32
		{064F9DFA-1C2B-4646-A3C1-636FC5DF3DAC}.Debug|x64.ActiveCfg = Debug|x64
		{064F9DFA-1C2B-4646-A3C1-636FC5DF3DAC}.Debug|x64.Build.0 = Debug|x64
		{064F9DFA-1C2B-4646-A3C1-636FC5DF3DAC}.Debug|x86.ActiveCfg = Debug|Win32
		{064F9DFA-1C2B-4646-A3C1-636FC5DF3DAC}.Debug|x86.Build.0 = Debug|Win32
		{064F9DFA-1C2B-4646-A3C1-636FC5DF3DAC}.Release_Cmd|x64.ActiveCfg = Release|x64
		{064F9DFA-1C2B-4646-A3C1-636FC5DF3DAC}.Release_Cmd|x64.Build.0 = Release|x64
		{064F9DFA-1C2B-4646-A3C1-636FC5DF3DAC}.Release_Cmd|x86.ActiveCfg = Release|Win32
		{064F9DFA-1C2B-4646-A3C1-636FC5DF3DAC}.Release_Cmd|x86.Build.0 = Release|Win32
		{064F9DFA-1C2B-4646-A3C1-636FC5DF3DAC}.Release|x64.ActiveCfg = Release|x64
		{064F9DFA-1C2B-4646-A3C1-636FC5DF3DAC}.Release|x64.Build.0 = Release|x64
		{064F9DFA-1C2B-4646-A3C1-636FC5DF3DAC}.Release|x86.ActiveCfg = Release|Win32
		{064F9DFA-1C2B-4646-A3C1-636FC5DF3DAC}.Release|x86.Build.0 = Release|Win32
		{6D521175-A55F-45B9-96CD-034C90D2AEE8}.Debug|x64.ActiveCfg = Debug|x64
		{6D521175-A55F-45B9-96CD-034C90D2AEE8}.Debug|x64.Build.0 = Debug|x64
		{6D521175-A55F-45B9-96CD-034C90D2AEE8}.Debug|x86.ActiveCfg = Debug|Win32
		{6D521175-A55F-45B9-96CD-034C90D2AEE8}.Debug|x86.Build.0 = Debug|Win32
		{6D521175-A55F-45B9-96CD-034C90D2AEE8}.Release_Cmd|x64.ActiveCfg = Release|x64
		{6D521175-A55F-45B9-96CD-034C90D2AEE8}.Release_Cmd|x64.Build.0 = Release|x64
		{6D521175-A55F-45B9-96CD-034C90D2AEE8}.Release_Cmd|x86.ActiveCfg = Release|Win32
		{6D521175-A55F-45B9-96CD-034C90D2AEE8}.Release_Cmd|x86.Build.0 = Release|Win32
		{6D521175-A55F-45B9-96CD-034C90D2AEE8}.Release|x64.ActiveCfg = Release|x64
		{6D521175-A55F-45B9-96CD-034C90D2AEE8}.Release|x64.Build.0 = Release|x64
		{6D521175-A55F-45B9-96CD-034C90D2AEE8}.Release|x86.ActiveCfg = Release|Win32
		{6D521175-A55F-45B9-96CD-034C90D2AEE8}.Release|x86.Build.0 = Release|Win32
		{F74A449B-FCBE-476C-A9F5-1907AE67C58C}.Debug|x64.ActiveCfg = Debug|x64
		{F74A449B-FCBE-476C-A9F5-1907AE67C58C}.Debug|x64.Build.0 = Debug|x64
		{F74A449B-FCBE-476C-A9F5-1907AE67C58C}.Debug|x86.ActiveCfg = Debug|Win32
		{F74A449B-FCBE-476C-A9F5-1907AE67C58C}.Debug|x86.Build.0 = Debug|Win32
		{F74A449B-FCBE-476C-A9F5-1907AE67C58C}.Release_Cmd|x64.ActiveCfg = Release|x64
		{F74A449B-FCBE-476C-A9F5-1907AE67C58C}.Release_Cmd|x64.Build.0 = Release|x64
		{F74A449B-FCBE-476C-A9F5-1907AE67C58C}.Release_Cmd|x86.ActiveCfg = Release|Win32
		{F74A449B-FCBE-476C-A9F5-1907AE67C58C}.Release_Cmd|x86.Build.0 = Release|Win32
		{F74A449B-FCBE-476C-A9F5-1907AE67C58C}.Release|x64.ActiveCfg = Release|x64
		{F74A449B-FCBE-476C-A9F5-1907AE67C58C}.Release|x64.Build.0 = Release|x64
		{F74A449B-FCBE-476C-A9F5-1907AE67C58C}.Release|x86.ActiveCfg = Release|Win32
		{F74A449B-FCBE-476C-A9F5-1907AE67C58C}.Release|x86.Build.0 = Release|Win32
		{9D38F274-1557-4C37-A67C-6F3F92E27F9C}.Debug|x64.ActiveCfg = Debug|x64
		{9D38F274-1557-4C37-A67C-6F3F92E27F9C}.Debug|x64.Build.0 = Debug|x64
		{9D38F274-1557-4C37-A67C-6F3F92E27F9C}.Debug|x86.ActiveCfg = Debug|Win32
		{9D38F274-1557-4C37-A67C-6F3F92E27F9C}.Debug|x86.Build.0 = Debug|Win32
		{9D38F274-1557-4C37-A67C-6F3F92E27F9C}.Release_Cmd|x64.ActiveCfg = Release|x64
		{9D38F274-1557-4C37-A67C-6F3F92E27F9C}.Release_Cmd|x64.Build.0 = Release|x64
		{9D38F274-1557-4C37-A67C-6F3F92E27F9C}.Release_Cmd|x86.ActiveCfg = Release|Win32
		{9D38F274-1557-4C37-A67C-6F3F92E27F9C}.Release_Cmd|x86.Build.0 = Release|Win32
		{9D38F274-1557-4C37-A67C-6F3F92E27F9C}.Release|x64.ActiveCfg = Release|x64
		{9D38F274-1557-4C37-A67C-6F3F92E27F9C}.Release|x64.Build.0 = Release|x64
		{9D38F274-1557-4C37-A67C-6F3F92E27F9C}.Release|x86.ActiveCfg = Release|Win32
		{9D38F274-1557-4C37-A67C-6F3F92E27F9C}.Release|x86.Build.0 = Release|Win32
		{8D54F1E3-35AE-404B-823C-BBDD13D0829E}.Debug|x64.ActiveCfg = Debug|x64
		{8D54F1E3-35AE-404B-823C-BBDD13D0829E}.Debug|x64.Build.0 = Debug|x64
		{8D54F1E3-35AE-404B-823C-BBDD13D0829E}.Debug|x86.ActiveCfg = Debug|Win32
		{8D54F1E3-35AE-404B-823C-BBDD13D0829E}.Debug|x86.Build.0 = Debug|Win32
		{8D54F1E3-35AE-404B-823C-BBDD13D0829E}.Release_Cmd|x64.ActiveCfg = Release|x64
		{8D54F1E3-35AE-404B-823C-BBDD13D0829E}.Release_Cmd|x64.Build.0 = Release|x64
		{8D54F1E3-35AE-404B-823C-BBDD13D0829E}.Release_Cmd|x86.ActiveCfg = Release|Win32
		{8D54F1E3-35AE-404B-823C-BBDD13D0829E}.Release_Cmd|x86.Build.0 = Release|Win32
		{8D54F1E3-35AE-404B-823C-BBDD13D0829E}.Release|x64.ActiveCfg = Release|x64
		{8D54F1E3-35AE-404B-823C-BBDD13D0829E}.Release|x64.Build.0 = Release|x64
		{8D54F1E3-35AE-404B-823C-BBDD13D0829E}.Release|x86.ActiveCfg = Release|Win32
		{8D54F1E3-35AE-404B-823C-BBDD13D0829E}.Release|x86.Build.0 = Release|Win32
	EndGlobalSection
	GlobalSection(SolutionProperties) = preSolution
		HideSolutionNode = FALSE
	EndGlobalSection
	GlobalSection(NestedProjects) = preSolution
		{420035A7-1ABA-4E3A-A92F-CFECAFF8C490} = {096317C3-E1BC-4B16-BAFA-7E4C5B7A5A39}
		{3A6F1520-B579-4C38-AD1C-FEECCB3C0AD3} = {096317C3-E1BC-4B16-BAFA-7E4C5B7A5A39}
		{631491C0-1334-4F85-9FB4-043565CAA408} = {47B76CBF-3AB3-46E5-8DF2-80306EFCD9E0}
		{56A03E56-8218-4998-B462-D5F548C687B6} = {47B76CBF-3AB3-46E5-8DF2-80306EFCD9E0}
		{D23355DA-619E-44D4-9447-E0FBD104B859} = {9A376E1F-32C9-4CCB-8187-D49F0DF2A2F1}
		{E1F9BC05-450F-420E-846D-06BE9DDED508} = {F288647E-C1E1-4D27-AD9D-749EFF0C4C15}
		{FAB9E9F5-9431-4DE1-B7DC-9BE303402926} = {9A376E1F-32C9-4CCB-8187-D49F0DF2A2F1}
		{47BA523A-3DE7-4AF8-B64B-DE57865C603E} = {7C88A281-EEED-4F82-8109-5102917CC6C0}
		{62DDD310-7124-46E5-B76D-0574534AFD0E} = {F288647E-C1E1-4D27-AD9D-749EFF0C4C15}
		{AAB30115-E0D0-4551-B1A7-C212C1983C6E} = {F288647E-C1E1-4D27-AD9D-749EFF0C4C15}
		{31AA8100-7368-42B4-BEEF-50FBD585CF13} = {F288647E-C1E1-4D27-AD9D-749EFF0C4C15}
		{FA384641-C1F5-48C1-8A1A-BC44C8011C4D} = {F288647E-C1E1-4D27-AD9D-749EFF0C4C15}
		{3C451CDB-F03F-4BEC-AB4B-6B66C77313E3} = {F288647E-C1E1-4D27-AD9D-749EFF0C4C15}
		{34AE8506-AFF9-4322-9189-EE1AE5E074F9} = {A9A936BD-A990-422E-A735-D03CE016683B}
		{064F9DFA-1C2B-4646-A3C1-636FC5DF3DAC} = {C781F71A-5791-4D13-9A49-83D8D2E43828}
		{6D521175-A55F-45B9-96CD-034C90D2AEE8} = {A0333E10-4473-43B7-B4DB-52FBE7C11A39}
		{F74A449B-FCBE-476C-A9F5-1907AE67C58C} = {32F205C7-AD84-4172-A61D-C778CFCCD9D7}
		{9D38F274-1557-4C37-A67C-6F3F92E27F9C} = {47B76CBF-3AB3-46E5-8DF2-80306EFCD9E0}
		{8D54F1E3-35AE-404B-823C-BBDD13D0829E} = {F288647E-C1E1-4D27-AD9D-749EFF0C4C15}
	EndGlobalSection
	GlobalSection(ExtensibilityGlobals) = postSolution
		SolutionGuid = {415CF697-4243-436E-B146-09FD10C4E1B9}
	EndGlobalSection
EndGlobal
